
Microsoft Visual Studio Solution File, Format Version 12.00
# Visual Studio Version 16
VisualStudioVersion = 16.0.31605.320
MinimumVisualStudioVersion = 10.0.40219.1
Project("{FAE04EC0-301F-11D3-BF4B-00C04F79EFBC}") = "GoogleMapControl", "GoogleMapControl\GoogleMapControl.csproj", "{EE8F5126-1A9F-4D2C-84D3-A0DC0A0C0105}"
EndProject
Global
	GlobalSection(SolutionConfigurationPlatforms) = preSolution
		Debug|Any CPU = Debug|Any CPU
		Release|Any CPU = Release|Any CPU
	EndGlobalSection
	GlobalSection(ProjectConfigurationPlatforms) = postSolution
		{EE8F5126-1A9F-4D2C-84D3-A0DC0A0C0105}.Debug|Any CPU.ActiveCfg = Debug|Any CPU
		{EE8F5126-1A9F-4D2C-84D3-A0DC0A0C0105}.Debug|Any CPU.Build.0 = Debug|Any CPU
		{EE8F5126-1A9F-4D2C-84D3-A0DC0A0C0105}.Release|Any CPU.ActiveCfg = Release|Any CPU
		{EE8F5126-1A9F-4D2C-84D3-A0DC0A0C0105}.Release|Any CPU.Build.0 = Release|Any CPU
	EndGlobalSection
	GlobalSection(SolutionProperties) = preSolution
		HideSolutionNode = FALSE
	EndGlobalSection
	GlobalSection(ExtensibilityGlobals) = postSolution
		SolutionGuid = {3C76AF71-7907-414C-8467-E7497DA80FF9}
	EndGlobalSection
EndGlobal
